
Microsoft Visual Studio Solution File, Format Version 12.00
# Visual Studio 15
Project("{FAE04EC0-301F-11D3-BF4B-00C04F79EFBC}") = "Sandbox 2D", "Assembly-CSharp.csproj", "{E45B07FD-B63C-9EF0-EB29-CDE1B1F8FC0A}"
EndProject
Project("{FAE04EC0-301F-11D3-BF4B-00C04F79EFBC}") = "Sandbox 2D", "Assembly-CSharp-firstpass.csproj", "{8317F5B3-E5ED-DE59-D6D2-35560E575881}"
EndProject
Project("{FAE04EC0-301F-11D3-BF4B-00C04F79EFBC}") = "Sandbox 2D", "Assembly-CSharp-Editor.csproj", "{37961187-5701-808E-652F-AF9E664E074F}"
EndProject
Project("{FAE04EC0-301F-11D3-BF4B-00C04F79EFBC}") = "Sandbox 2D", "Assembly-CSharp-Editor-firstpass.csproj", "{37FA36E8-7BC9-E541-0B93-CC8882454C8D}"
EndProject
Global
	GlobalSection(SolutionConfigurationPlatforms) = preSolution
		Debug|Any CPU = Debug|Any CPU
		Release|Any CPU = Release|Any CPU
	EndGlobalSection
	GlobalSection(ProjectConfigurationPlatforms) = postSolution
		{E45B07FD-B63C-9EF0-EB29-CDE1B1F8FC0A}.Debug|Any CPU.ActiveCfg = Debug|Any CPU
		{E45B07FD-B63C-9EF0-EB29-CDE1B1F8FC0A}.Debug|Any CPU.Build.0 = Debug|Any CPU
		{E45B07FD-B63C-9EF0-EB29-CDE1B1F8FC0A}.Release|Any CPU.ActiveCfg = Release|Any CPU
		{E45B07FD-B63C-9EF0-EB29-CDE1B1F8FC0A}.Release|Any CPU.Build.0 = Release|Any CPU
		{8317F5B3-E5ED-DE59-D6D2-35560E575881}.Debug|Any CPU.ActiveCfg = Debug|Any CPU
		{8317F5B3-E5ED-DE59-D6D2-35560E575881}.Debug|Any CPU.Build.0 = Debug|Any CPU
		{8317F5B3-E5ED-DE59-D6D2-35560E575881}.Release|Any CPU.ActiveCfg = Release|Any CPU
		{8317F5B3-E5ED-DE59-D6D2-35560E575881}.Release|Any CPU.Build.0 = Release|Any CPU
		{37961187-5701-808E-652F-AF9E664E074F}.Debug|Any CPU.ActiveCfg = Debug|Any CPU
		{37961187-5701-808E-652F-AF9E664E074F}.Debug|Any CPU.Build.0 = Debug|Any CPU
		{37961187-5701-808E-652F-AF9E664E074F}.Release|Any CPU.ActiveCfg = Release|Any CPU
		{37961187-5701-808E-652F-AF9E664E074F}.Release|Any CPU.Build.0 = Release|Any CPU
		{37FA36E8-7BC9-E541-0B93-CC8882454C8D}.Debug|Any CPU.ActiveCfg = Debug|Any CPU
		{37FA36E8-7BC9-E541-0B93-CC8882454C8D}.Debug|Any CPU.Build.0 = Debug|Any CPU
		{37FA36E8-7BC9-E541-0B93-CC8882454C8D}.Release|Any CPU.ActiveCfg = Release|Any CPU
		{37FA36E8-7BC9-E541-0B93-CC8882454C8D}.Release|Any CPU.Build.0 = Release|Any CPU
	EndGlobalSection
	GlobalSection(SolutionProperties) = preSolution
		HideSolutionNode = FALSE
	EndGlobalSection
EndGlobal
