
Microsoft Visual Studio Solution File, Format Version 12.00
# Visual Studio 2017
Project("{FAE04EC0-301F-11D3-BF4B-00C04F79EFBC}") = "Sandbox 2D", "Sandbox 2D.csproj", "{F3CD9F5A-3B1E-B52C-784C-D0527F033EF0}"
EndProject
Project("{FAE04EC0-301F-11D3-BF4B-00C04F79EFBC}") = "Sandbox 2D.Plugins", "Sandbox 2D.Plugins.csproj", "{9E861F88-44D8-1C64-B771-1CF890AD4BBE}"
EndProject
Project("{FAE04EC0-301F-11D3-BF4B-00C04F79EFBC}") = "Sandbox 2D.Editor", "Sandbox 2D.Editor.csproj", "{C32F460B-1F40-416B-D9E1-4DC426FEB01C}"
EndProject
Project("{FAE04EC0-301F-11D3-BF4B-00C04F79EFBC}") = "Sandbox 2D.Editor.Plugins", "Sandbox 2D.Editor.Plugins.csproj", "{3A05AD40-C51F-69D5-4144-3C1111CD0076}"
EndProject
Global
	GlobalSection(SolutionConfigurationPlatforms) = preSolution
		Debug|Any CPU = Debug|Any CPU
		Release|Any CPU = Release|Any CPU
	EndGlobalSection
	GlobalSection(ProjectConfigurationPlatforms) = postSolution
		{F3CD9F5A-3B1E-B52C-784C-D0527F033EF0}.Debug|Any CPU.ActiveCfg = Debug|Any CPU
		{F3CD9F5A-3B1E-B52C-784C-D0527F033EF0}.Debug|Any CPU.Build.0 = Debug|Any CPU
		{F3CD9F5A-3B1E-B52C-784C-D0527F033EF0}.Release|Any CPU.ActiveCfg = Release|Any CPU
		{F3CD9F5A-3B1E-B52C-784C-D0527F033EF0}.Release|Any CPU.Build.0 = Release|Any CPU
		{9E861F88-44D8-1C64-B771-1CF890AD4BBE}.Debug|Any CPU.ActiveCfg = Debug|Any CPU
		{9E861F88-44D8-1C64-B771-1CF890AD4BBE}.Debug|Any CPU.Build.0 = Debug|Any CPU
		{9E861F88-44D8-1C64-B771-1CF890AD4BBE}.Release|Any CPU.ActiveCfg = Release|Any CPU
		{9E861F88-44D8-1C64-B771-1CF890AD4BBE}.Release|Any CPU.Build.0 = Release|Any CPU
		{C32F460B-1F40-416B-D9E1-4DC426FEB01C}.Debug|Any CPU.ActiveCfg = Debug|Any CPU
		{C32F460B-1F40-416B-D9E1-4DC426FEB01C}.Debug|Any CPU.Build.0 = Debug|Any CPU
		{C32F460B-1F40-416B-D9E1-4DC426FEB01C}.Release|Any CPU.ActiveCfg = Release|Any CPU
		{C32F460B-1F40-416B-D9E1-4DC426FEB01C}.Release|Any CPU.Build.0 = Release|Any CPU
		{3A05AD40-C51F-69D5-4144-3C1111CD0076}.Debug|Any CPU.ActiveCfg = Debug|Any CPU
		{3A05AD40-C51F-69D5-4144-3C1111CD0076}.Debug|Any CPU.Build.0 = Debug|Any CPU
		{3A05AD40-C51F-69D5-4144-3C1111CD0076}.Release|Any CPU.ActiveCfg = Release|Any CPU
		{3A05AD40-C51F-69D5-4144-3C1111CD0076}.Release|Any CPU.Build.0 = Release|Any CPU
	EndGlobalSection
	GlobalSection(SolutionProperties) = preSolution
		HideSolutionNode = FALSE
	EndGlobalSection
EndGlobal
